
Microsoft Visual Studio Solution File, Format Version 12.00
# Visual Studio Version 17
VisualStudioVersion = 17.6.33815.320
MinimumVisualStudioVersion = 10.0.40219.1
Project("{FAE04EC0-301F-11D3-BF4B-00C04F79EFBC}") = "FundoNoteApplication", "FundoNoteApplication\FundoNoteApplication.csproj", "{C3C870B5-1BD4-48B1-926F-4CC1E291B208}"
EndProject
Project("{FAE04EC0-301F-11D3-BF4B-00C04F79EFBC}") = "CommonLayer", "CommonLayer\CommonLayer.csproj", "{B7D9F5C2-8C0B-4763-954B-6D830E3C1DD5}"
EndProject
Project("{FAE04EC0-301F-11D3-BF4B-00C04F79EFBC}") = "RepositoryLayer", "RepositoryLayer\RepositoryLayer.csproj", "{3D893C38-5143-4A81-885B-1DD0BBB3D1B1}"
EndProject
Project("{FAE04EC0-301F-11D3-BF4B-00C04F79EFBC}") = "MangerLayer", "MangerLayer\MangerLayer.csproj", "{43C5BDB5-38E8-4A3F-AAB6-ABCF03857787}"
EndProject
Global
	GlobalSection(SolutionConfigurationPlatforms) = preSolution
		Debug|Any CPU = Debug|Any CPU
		Release|Any CPU = Release|Any CPU
	EndGlobalSection
	GlobalSection(ProjectConfigurationPlatforms) = postSolution
		{C3C870B5-1BD4-48B1-926F-4CC1E291B208}.Debug|Any CPU.ActiveCfg = Debug|Any CPU
		{C3C870B5-1BD4-48B1-926F-4CC1E291B208}.Debug|Any CPU.Build.0 = Debug|Any CPU
		{C3C870B5-1BD4-48B1-926F-4CC1E291B208}.Release|Any CPU.ActiveCfg = Release|Any CPU
		{C3C870B5-1BD4-48B1-926F-4CC1E291B208}.Release|Any CPU.Build.0 = Release|Any CPU
		{B7D9F5C2-8C0B-4763-954B-6D830E3C1DD5}.Debug|Any CPU.ActiveCfg = Debug|Any CPU
		{B7D9F5C2-8C0B-4763-954B-6D830E3C1DD5}.Debug|Any CPU.Build.0 = Debug|Any CPU
		{B7D9F5C2-8C0B-4763-954B-6D830E3C1DD5}.Release|Any CPU.ActiveCfg = Release|Any CPU
		{B7D9F5C2-8C0B-4763-954B-6D830E3C1DD5}.Release|Any CPU.Build.0 = Release|Any CPU
		{3D893C38-5143-4A81-885B-1DD0BBB3D1B1}.Debug|Any CPU.ActiveCfg = Debug|Any CPU
		{3D893C38-5143-4A81-885B-1DD0BBB3D1B1}.Debug|Any CPU.Build.0 = Debug|Any CPU
		{3D893C38-5143-4A81-885B-1DD0BBB3D1B1}.Release|Any CPU.ActiveCfg = Release|Any CPU
		{3D893C38-5143-4A81-885B-1DD0BBB3D1B1}.Release|Any CPU.Build.0 = Release|Any CPU
		{43C5BDB5-38E8-4A3F-AAB6-ABCF03857787}.Debug|Any CPU.ActiveCfg = Debug|Any CPU
		{43C5BDB5-38E8-4A3F-AAB6-ABCF03857787}.Debug|Any CPU.Build.0 = Debug|Any CPU
		{43C5BDB5-38E8-4A3F-AAB6-ABCF03857787}.Release|Any CPU.ActiveCfg = Release|Any CPU
		{43C5BDB5-38E8-4A3F-AAB6-ABCF03857787}.Release|Any CPU.Build.0 = Release|Any CPU
	EndGlobalSection
	GlobalSection(SolutionProperties) = preSolution
		HideSolutionNode = FALSE
	EndGlobalSection
	GlobalSection(ExtensibilityGlobals) = postSolution
		SolutionGuid = {60DA09B8-AB6F-4531-846F-1B42D1989FDC}
	EndGlobalSection
EndGlobal
